
Microsoft Visual Studio Solution File, Format Version 12.00
# Visual Studio Version 16
VisualStudioVersion = 16.0.33130.400
MinimumVisualStudioVersion = 10.0.40219.1
Project("{FAE04EC0-301F-11D3-BF4B-00C04F79EFBC}") = "Othello", "Othello\Othello.csproj", "{49825DAA-D859-4CB6-9701-9317F73C81DD}"
EndProject
Global
	GlobalSection(SolutionConfigurationPlatforms) = preSolution
		Debug|Any CPU = Debug|Any CPU
		Release|Any CPU = Release|Any CPU
	EndGlobalSection
	GlobalSection(ProjectConfigurationPlatforms) = postSolution
		{49825DAA-D859-4CB6-9701-9317F73C81DD}.Debug|Any CPU.ActiveCfg = Debug|Any CPU
		{49825DAA-D859-4CB6-9701-9317F73C81DD}.Debug|Any CPU.Build.0 = Debug|Any CPU
		{49825DAA-D859-4CB6-9701-9317F73C81DD}.Release|Any CPU.ActiveCfg = Release|Any CPU
		{49825DAA-D859-4CB6-9701-9317F73C81DD}.Release|Any CPU.Build.0 = Release|Any CPU
	EndGlobalSection
	GlobalSection(SolutionProperties) = preSolution
		HideSolutionNode = FALSE
	EndGlobalSection
	GlobalSection(ExtensibilityGlobals) = postSolution
		SolutionGuid = {13894C39-C3FB-4AF9-BD58-9AB307FF6392}
	EndGlobalSection
EndGlobal
